
Microsoft Visual Studio Solution File, Format Version 12.00
# Visual Studio Version 16
VisualStudioVersion = 16.0.30114.105
MinimumVisualStudioVersion = 10.0.40219.1
Project("{FAE04EC0-301F-11D3-BF4B-00C04F79EFBC}") = "PaintCalculator", "PaintCalculator\PaintCalculator.csproj", "{9DCBAC9B-C2F1-460C-941B-C5E079F9D1C9}"
EndProject
Global
	GlobalSection(SolutionConfigurationPlatforms) = preSolution
		Debug|Any CPU = Debug|Any CPU
		Release|Any CPU = Release|Any CPU
	EndGlobalSection
	GlobalSection(ProjectConfigurationPlatforms) = postSolution
		{9DCBAC9B-C2F1-460C-941B-C5E079F9D1C9}.Debug|Any CPU.ActiveCfg = Debug|Any CPU
		{9DCBAC9B-C2F1-460C-941B-C5E079F9D1C9}.Debug|Any CPU.Build.0 = Debug|Any CPU
		{9DCBAC9B-C2F1-460C-941B-C5E079F9D1C9}.Release|Any CPU.ActiveCfg = Release|Any CPU
		{9DCBAC9B-C2F1-460C-941B-C5E079F9D1C9}.Release|Any CPU.Build.0 = Release|Any CPU
	EndGlobalSection
	GlobalSection(SolutionProperties) = preSolution
		HideSolutionNode = FALSE
	EndGlobalSection
	GlobalSection(ExtensibilityGlobals) = postSolution
		SolutionGuid = {BE27E05E-B3A1-4A46-9CD2-6C9160B0B712}
	EndGlobalSection
EndGlobal
